Microsoft Visual Studio Solution File, Format Version 12.00
# Visual Studio Version 17
VisualStudioVersion = 17.5.2.0
MinimumVisualStudioVersion = 10.0.40219.1
Project("{2150E333-8FDC-42A3-9474-1A3956D46DE8}") = "temp_rtl_build", "temp_rtl_build", "{2EF3B0AE-3BF8-1FC6-BE28-B24724C7FD74}"
EndProject
Project("{FAE04EC0-301F-11D3-BF4B-00C04F79EFBC}") = "RTL_Persian_Support", "temp_rtl_build\RTL_Persian_Support\RTL_Persian_Support.csproj", "{24BCF8EB-A83E-508D-C42C-606C1E028B84}"
EndProject
Global
	GlobalSection(SolutionConfigurationPlatforms) = preSolution
		Debug|Any CPU = Debug|Any CPU
		Release|Any CPU = Release|Any CPU
	EndGlobalSection
	GlobalSection(ProjectConfigurationPlatforms) = postSolution
		{24BCF8EB-A83E-508D-C42C-606C1E028B84}.Debug|Any CPU.ActiveCfg = Debug|Any CPU
		{24BCF8EB-A83E-508D-C42C-606C1E028B84}.Debug|Any CPU.Build.0 = Debug|Any CPU
		{24BCF8EB-A83E-508D-C42C-606C1E028B84}.Release|Any CPU.ActiveCfg = Release|Any CPU
		{24BCF8EB-A83E-508D-C42C-606C1E028B84}.Release|Any CPU.Build.0 = Release|Any CPU
	EndGlobalSection
	GlobalSection(SolutionProperties) = preSolution
		HideSolutionNode = FALSE
	EndGlobalSection
	GlobalSection(NestedProjects) = preSolution
		{24BCF8EB-A83E-508D-C42C-606C1E028B84} = {2EF3B0AE-3BF8-1FC6-BE28-B24724C7FD74}
	EndGlobalSection
	GlobalSection(ExtensibilityGlobals) = postSolution
		SolutionGuid = {F32AB68F-C43A-46FF-99F2-E39D1DE94D3E}
	EndGlobalSection
EndGlobal
